// !$*UTF8*$!
{
	archiveVersion = 1;
	classes = {
	};
	objectVersion = 46;
	objects = {

/* Begin PBXBuildFile section */
		F239CCEB1ECF3CFF00BA741E /* main.m in Sources */ = {isa = PBXBuildFile; fileRef = F239CCEA1ECF3CFF00BA741E /* main.m */; };
		F239CCEE1ECF3CFF00BA741E /* AppDelegate.m in Sources */ = {isa = PBXBuildFile; fileRef = F239CCED1ECF3CFF00BA741E /* AppDelegate.m */; };
		F239CCF11ECF3CFF00BA741E /* ViewController.m in Sources */ = {isa = PBXBuildFile; fileRef = F239CCF01ECF3CFF00BA741E /* ViewController.m */; };
		F239CCF41ECF3CFF00BA741E /* Main.storyboard in Resources */ = {isa = PBXBuildFile; fileRef = F239CCF21ECF3CFF00BA741E /* Main.storyboard */; };
		F239CCF61ECF3CFF00BA741E /* Assets.xcassets in Resources */ = {isa = PBXBuildFile; fileRef = F239CCF51ECF3CFF00BA741E /* Assets.xcassets */; };
		F239CCF91ECF3CFF00BA741E /* LaunchScreen.storyboard in Resources */ = {isa = PBXBuildFile; fileRef = F239CCF71ECF3CFF00BA741E /* LaunchScreen.storyboard */; };
		F239CD041ECF3CFF00BA741E /* CollectionViewPatternsTests.m in Sources */ = {isa = PBXBuildFile; fileRef = F239CD031ECF3CFF00BA741E /* CollectionViewPatternsTests.m */; };
		F239CD0F1ECF3CFF00BA741E /* CollectionViewPatternsUITests.m in Sources */ = {isa = PBXBuildFile; fileRef = F239CD0E1ECF3CFF00BA741E /* CollectionViewPatternsUITests.m */; };
		F239CD241ECF3D5600BA741E /* angry_birds_cake.jpg in Resources */ = {isa = PBXBuildFile; fileRef = F239CD1D1ECF3D5600BA741E /* angry_birds_cake.jpg */; };
		F239CD251ECF3D5600BA741E /* angry_birds_cake1.jpg in Resources */ = {isa = PBXBuildFile; fileRef = F239CD1E1ECF3D5600BA741E /* angry_birds_cake1.jpg */; };
		F239CD261ECF3D5600BA741E /* angry_birds_cake2.jpg in Resources */ = {isa = PBXBuildFile; fileRef = F239CD1F1ECF3D5600BA741E /* angry_birds_cake2.jpg */; };
		F239CD271ECF3D5600BA741E /* angry_birds_cake3.jpg in Resources */ = {isa = PBXBuildFile; fileRef = F239CD201ECF3D5600BA741E /* angry_birds_cake3.jpg */; };
		F239CD281ECF3D5600BA741E /* angry_birds_cake4.jpg in Resources */ = {isa = PBXBuildFile; fileRef = F239CD211ECF3D5600BA741E /* angry_birds_cake4.jpg */; };
		F239CD291ECF3D5600BA741E /* angry_birds_cake5.jpg in Resources */ = {isa = PBXBuildFile; fileRef = F239CD221ECF3D5600BA741E /* angry_birds_cake5.jpg */; };
		F239CD2A1ECF3D5600BA741E /* angry_birds_cake6.jpg in Resources */ = {isa = PBXBuildFile; fileRef = F239CD231ECF3D5600BA741E /* angry_birds_cake6.jpg */; };
		F239CD301ECF462300BA741E /* PatternViewCell.m in Sources */ = {isa = PBXBuildFile; fileRef = F239CD2F1ECF462300BA741E /* PatternViewCell.m */; };
/* End PBXBuildFile section */

/* Begin PBXContainerItemProxy section */
		F239CD001ECF3CFF00BA741E /* PBXContainerItemProxy */ = {
			isa = PBXContainerItemProxy;
			containerPortal = F239CCDE1ECF3CFF00BA741E /* Project object */;
			proxyType = 1;
			remoteGlobalIDString = F239CCE51ECF3CFF00BA741E;
			remoteInfo = CollectionViewPatterns;
		};
		F239CD0B1ECF3CFF00BA741E /* PBXContainerItemProxy */ = {
			isa = PBXContainerItemProxy;
			containerPortal = F239CCDE1ECF3CFF00BA741E /* Project object */;
			proxyType = 1;
			remoteGlobalIDString = F239CCE51ECF3CFF00BA741E;
			remoteInfo = CollectionViewPatterns;
		};
/* End PBXContainerItemProxy section */

/* Begin PBXFileReference section */
		F239CCE61ECF3CFF00BA741E /* CollectionViewPatterns.app */ = {isa = PBXFileReference; explicitFileType = wrapper.application; includeInIndex = 0; path = CollectionViewPatterns.app; sourceTree = BUILT_PRODUCTS_DIR; };
		F239CCEA1ECF3CFF00BA741E /* main.m */ = {isa = PBXFileReference; lastKnownFileType = sourcecode.c.objc; path = main.m; sourceTree = "<group>"; };
		F239CCEC1ECF3CFF00BA741E /* AppDelegate.h */ = {isa = PBXFileReference; lastKnownFileType = sourcecode.c.h; path = AppDelegate.h; sourceTree = "<group>"; };
		F239CCED1ECF3CFF00BA741E /* AppDelegate.m */ = {isa = PBXFileReference; lastKnownFileType = sourcecode.c.objc; path = AppDelegate.m; sourceTree = "<group>"; };
		F239CCEF1ECF3CFF00BA741E /* ViewController.h */ = {isa = PBXFileReference; lastKnownFileType = sourcecode.c.h; path = ViewController.h; sourceTree = "<group>"; };
		F239CCF01ECF3CFF00BA741E /* ViewController.m */ = {isa = PBXFileReference; lastKnownFileType = sourcecode.c.objc; path = ViewController.m; sourceTree = "<group>"; };
		F239CCF31ECF3CFF00BA741E /* Base */ = {isa = PBXFileReference; lastKnownFileType = file.storyboard; name = Base; path = Base.lproj/Main.storyboard; sourceTree = "<group>"; };
		F239CCF51ECF3CFF00BA741E /* Assets.xcassets */ = {isa = PBXFileReference; lastKnownFileType = folder.assetcatalog; path = Assets.xcassets; sourceTree = "<group>"; };
		F239CCF81ECF3CFF00BA741E /* Base */ = {isa = PBXFileReference; lastKnownFileType = file.storyboard; name = Base; path = Base.lproj/LaunchScreen.storyboard; sourceTree = "<group>"; };
		F239CCFA1ECF3CFF00BA741E /* Info.plist */ = {isa = PBXFileReference; lastKnownFileType = text.plist.xml; path = Info.plist; sourceTree = "<group>"; };
		F239CCFF1ECF3CFF00BA741E /* CollectionViewPatternsTests.xctest */ = {isa = PBXFileReference; explicitFileType = wrapper.cfbundle; includeInIndex = 0; path = CollectionViewPatternsTests.xctest; sourceTree = BUILT_PRODUCTS_DIR; };
		F239CD031ECF3CFF00BA741E /* CollectionViewPatternsTests.m */ = {isa = PBXFileReference; lastKnownFileType = sourcecode.c.objc; path = CollectionViewPatternsTests.m; sourceTree = "<group>"; };
		F239CD051ECF3CFF00BA741E /* Info.plist */ = {isa = PBXFileReference; lastKnownFileType = text.plist.xml; path = Info.plist; sourceTree = "<group>"; };
		F239CD0A1ECF3CFF00BA741E /* CollectionViewPatternsUITests.xctest */ = {isa = PBXFileReference; explicitFileType = wrapper.cfbundle; includeInIndex = 0; path = CollectionViewPatternsUITests.xctest; sourceTree = BUILT_PRODUCTS_DIR; };
		F239CD0E1ECF3CFF00BA741E /* CollectionViewPatternsUITests.m */ = {isa = PBXFileReference; lastKnownFileType = sourcecode.c.objc; path = CollectionViewPatternsUITests.m; sourceTree = "<group>"; };
		F239CD101ECF3CFF00BA741E /* Info.plist */ = {isa = PBXFileReference; lastKnownFileType = text.plist.xml; path = Info.plist; sourceTree = "<group>"; };
		F239CD1D1ECF3D5600BA741E /* angry_birds_cake.jpg */ = {isa = PBXFileReference; lastKnownFileType = image.jpeg; path = angry_birds_cake.jpg; sourceTree = "<group>"; };
		F239CD1E1ECF3D5600BA741E /* angry_birds_cake1.jpg */ = {isa = PBXFileReference; lastKnownFileType = image.jpeg; path = angry_birds_cake1.jpg; sourceTree = "<group>"; };
		F239CD1F1ECF3D5600BA741E /* angry_birds_cake2.jpg */ = {isa = PBXFileReference; lastKnownFileType = image.jpeg; path = angry_birds_cake2.jpg; sourceTree = "<group>"; };
		F239CD201ECF3D5600BA741E /* angry_birds_cake3.jpg */ = {isa = PBXFileReference; lastKnownFileType = image.jpeg; path = angry_birds_cake3.jpg; sourceTree = "<group>"; };
		F239CD211ECF3D5600BA741E /* angry_birds_cake4.jpg */ = {isa = PBXFileReference; lastKnownFileType = image.jpeg; path = angry_birds_cake4.jpg; sourceTree = "<group>"; };
		F239CD221ECF3D5600BA741E /* angry_birds_cake5.jpg */ = {isa = PBXFileReference; lastKnownFileType = image.jpeg; path = angry_birds_cake5.jpg; sourceTree = "<group>"; };
		F239CD231ECF3D5600BA741E /* angry_birds_cake6.jpg */ = {isa = PBXFileReference; lastKnownFileType = image.jpeg; path = angry_birds_cake6.jpg; sourceTree = "<group>"; };
		F239CD2E1ECF462300BA741E /* PatternViewCell.h */ = {isa = PBXFileReference; fileEncoding = 4; lastKnownFileType = sourcecode.c.h; name = PatternViewCell.h; path = ../PatternViewCell.h; sourceTree = "<group>"; };
		F239CD2F1ECF462300BA741E /* PatternViewCell.m */ = {isa = PBXFileReference; fileEncoding = 4; lastKnownFileType = sourcecode.c.objc; name = PatternViewCell.m; path = ../PatternViewCell.m; sourceTree = "<group>"; };
/* End PBXFileReference section */

/* Begin PBXFrameworksBuildPhase section */
		F239CCE31ECF3CFF00BA741E /* Frameworks */ = {
			isa = PBXFrameworksBuildPhase;
			buildActionMask = 2147483647;
			files = (
			);
			runOnlyForDeploymentPostprocessing = 0;
		};
		F239CCFC1ECF3CFF00BA741E /* Frameworks */ = {
			isa = PBXFrameworksBuildPhase;
			buildActionMask = 2147483647;
			files = (
			);
			runOnlyForDeploymentPostprocessing = 0;
		};
		F239CD071ECF3CFF00BA741E /* Frameworks */ = {
			isa = PBXFrameworksBuildPhase;
			buildActionMask = 2147483647;
			files = (
			);
			runOnlyForDeploymentPostprocessing = 0;
		};
/* End PBXFrameworksBuildPhase section */

/* Begin PBXGroup section */
		F239CCDD1ECF3CFF00BA741E = {
			isa = PBXGroup;
			children = (
				F239CCE81ECF3CFF00BA741E /* CollectionViewPatterns */,
				F239CD021ECF3CFF00BA741E /* CollectionViewPatternsTests */,
				F239CD0D1ECF3CFF00BA741E /* CollectionViewPatternsUITests */,
				F239CCE71ECF3CFF00BA741E /* Products */,
			);
			sourceTree = "<group>";
		};
		F239CCE71ECF3CFF00BA741E /* Products */ = {
			isa = PBXGroup;
			children = (
				F239CCE61ECF3CFF00BA741E /* CollectionViewPatterns.app */,
				F239CCFF1ECF3CFF00BA741E /* CollectionViewPatternsTests.xctest */,
				F239CD0A1ECF3CFF00BA741E /* CollectionViewPatternsUITests.xctest */,
			);
			name = Products;
			sourceTree = "<group>";
		};
		F239CCE81ECF3CFF00BA741E /* CollectionViewPatterns */ = {
			isa = PBXGroup;
			children = (
				F239CD1C1ECF3D3500BA741E /* Images */,
				F239CCEC1ECF3CFF00BA741E /* AppDelegate.h */,
				F239CCED1ECF3CFF00BA741E /* AppDelegate.m */,
				F239CCEF1ECF3CFF00BA741E /* ViewController.h */,
				F239CCF01ECF3CFF00BA741E /* ViewController.m */,
				F239CD2E1ECF462300BA741E /* PatternViewCell.h */,
				F239CD2F1ECF462300BA741E /* PatternViewCell.m */,
				F239CCF21ECF3CFF00BA741E /* Main.storyboard */,
				F239CCF51ECF3CFF00BA741E /* Assets.xcassets */,
				F239CCF71ECF3CFF00BA741E /* LaunchScreen.storyboard */,
				F239CCFA1ECF3CFF00BA741E /* Info.plist */,
				F239CCE91ECF3CFF00BA741E /* Supporting Files */,
			);
			path = CollectionViewPatterns;
			sourceTree = "<group>";
		};
		F239CCE91ECF3CFF00BA741E /* Supporting Files */ = {
			isa = PBXGroup;
			children = (
				F239CCEA1ECF3CFF00BA741E /* main.m */,
			);
			name = "Supporting Files";
			sourceTree = "<group>";
		};
		F239CD021ECF3CFF00BA741E /* CollectionViewPatternsTests */ = {
			isa = PBXGroup;
			children = (
				F239CD031ECF3CFF00BA741E /* CollectionViewPatternsTests.m */,
				F239CD051ECF3CFF00BA741E /* Info.plist */,
			);
			path = CollectionViewPatternsTests;
			sourceTree = "<group>";
		};
		F239CD0D1ECF3CFF00BA741E /* CollectionViewPatternsUITests */ = {
			isa = PBXGroup;
			children = (
				F239CD0E1ECF3CFF00BA741E /* CollectionViewPatternsUITests.m */,
				F239CD101ECF3CFF00BA741E /* Info.plist */,
			);
			path = CollectionViewPatternsUITests;
			sourceTree = "<group>";
		};
		F239CD1C1ECF3D3500BA741E /* Images */ = {
			isa = PBXGroup;
			children = (
				F239CD1D1ECF3D5600BA741E /* angry_birds_cake.jpg */,
				F239CD1E1ECF3D5600BA741E /* angry_birds_cake1.jpg */,
				F239CD1F1ECF3D5600BA741E /* angry_birds_cake2.jpg */,
				F239CD201ECF3D5600BA741E /* angry_birds_cake3.jpg */,
				F239CD211ECF3D5600BA741E /* angry_birds_cake4.jpg */,
				F239CD221ECF3D5600BA741E /* angry_birds_cake5.jpg */,
				F239CD231ECF3D5600BA741E /* angry_birds_cake6.jpg */,
			);
			name = Images;
			sourceTree = "<group>";
		};
/* End PBXGroup section */

/* Begin PBXNativeTarget section */
		F239CCE51ECF3CFF00BA741E /* CollectionViewPatterns */ = {
			isa = PBXNativeTarget;
			buildConfigurationList = F239CD131ECF3CFF00BA741E /* Build configuration list for PBXNativeTarget "CollectionViewPatterns" */;
			buildPhases = (
				F239CCE21ECF3CFF00BA741E /* Sources */,
				F239CCE31ECF3CFF00BA741E /* Frameworks */,
				F239CCE41ECF3CFF00BA741E /* Resources */,
			);
			buildRules = (
			);
			dependencies = (
			);
			name = CollectionViewPatterns;
			productName = CollectionViewPatterns;
			productReference = F239CCE61ECF3CFF00BA741E /* CollectionViewPatterns.app */;
			productType = "com.apple.product-type.application";
		};
		F239CCFE1ECF3CFF00BA741E /* CollectionViewPatternsTests */ = {
			isa = PBXNativeTarget;
			buildConfigurationList = F239CD161ECF3CFF00BA741E /* Build configuration list for PBXNativeTarget "CollectionViewPatternsTests" */;
			buildPhases = (
				F239CCFB1ECF3CFF00BA741E /* Sources */,
				F239CCFC1ECF3CFF00BA741E /* Frameworks */,
				F239CCFD1ECF3CFF00BA741E /* Resources */,
			);
			buildRules = (
			);
			dependencies = (
				F239CD011ECF3CFF00BA741E /* PBXTargetDependency */,
			);
			name = CollectionViewPatternsTests;
			productName = CollectionViewPatternsTests;
			productReference = F239CCFF1ECF3CFF00BA741E /* CollectionViewPatternsTests.xctest */;
			productType = "com.apple.product-type.bundle.unit-test";
		};
		F239CD091ECF3CFF00BA741E /* CollectionViewPatternsUITests */ = {
			isa = PBXNativeTarget;
			buildConfigurationList = F239CD191ECF3CFF00BA741E /* Build configuration list for PBXNativeTarget "CollectionViewPatternsUITests" */;
			buildPhases = (
				F239CD061ECF3CFF00BA741E /* Sources */,
				F239CD071ECF3CFF00BA741E /* Frameworks */,
				F239CD081ECF3CFF00BA741E /* Resources */,
			);
			buildRules = (
			);
			dependencies = (
				F239CD0C1ECF3CFF00BA741E /* PBXTargetDependency */,
			);
			name = CollectionViewPatternsUITests;
			productName = CollectionViewPatternsUITests;
			productReference = F239CD0A1ECF3CFF00BA741E /* CollectionViewPatternsUITests.xctest */;
			productType = "com.apple.product-type.bundle.ui-testing";
		};
/* End PBXNativeTarget section */

/* Begin PBXProject section */
		F239CCDE1ECF3CFF00BA741E /* Project object */ = {
			isa = PBXProject;
			attributes = {
				LastUpgradeCheck = 0830;
				ORGANIZATIONNAME = Radbonus;
				TargetAttributes = {
					F239CCE51ECF3CFF00BA741E = {
						CreatedOnToolsVersion = 8.3.2;
						ProvisioningStyle = Automatic;
					};
					F239CCFE1ECF3CFF00BA741E = {
						CreatedOnToolsVersion = 8.3.2;
						ProvisioningStyle = Automatic;
						TestTargetID = F239CCE51ECF3CFF00BA741E;
					};
					F239CD091ECF3CFF00BA741E = {
						CreatedOnToolsVersion = 8.3.2;
						ProvisioningStyle = Automatic;
						TestTargetID = F239CCE51ECF3CFF00BA741E;
					};
				};
			};
			buildConfigurationList = F239CCE11ECF3CFF00BA741E /* Build configuration list for PBXProject "CollectionViewPatterns" */;
			compatibilityVersion = "Xcode 3.2";
			developmentRegion = English;
			hasScannedForEncodings = 0;
			knownRegions = (
				en,
				Base,
			);
			mainGroup = F239CCDD1ECF3CFF00BA741E;
			productRefGroup = F239CCE71ECF3CFF00BA741E /* Products */;
			projectDirPath = "";
			projectRoot = "";
			targets = (
				F239CCE51ECF3CFF00BA741E /* CollectionViewPatterns */,
				F239CCFE1ECF3CFF00BA741E /* CollectionViewPatternsTests */,
				F239CD091ECF3CFF00BA741E /* CollectionViewPatternsUITests */,
			);
		};
/* End PBXProject section */

/* Begin PBXResourcesBuildPhase section */
		F239CCE41ECF3CFF00BA741E /* Resources */ = {
			isa = PBXResourcesBuildPhase;
			buildActionMask = 2147483647;
			files = (
				F239CD281ECF3D5600BA741E /* angry_birds_cake4.jpg in Resources */,
				F239CD261ECF3D5600BA741E /* angry_birds_cake2.jpg in Resources */,
				F239CCF91ECF3CFF00BA741E /* LaunchScreen.storyboard in Resources */,
				F239CCF61ECF3CFF00BA741E /* Assets.xcassets in Resources */,
				F239CCF41ECF3CFF00BA741E /* Main.storyboard in Resources */,
				F239CD271ECF3D5600BA741E /* angry_birds_cake3.jpg in Resources */,
				F239CD291ECF3D5600BA741E /* angry_birds_cake5.jpg in Resources */,
				F239CD251ECF3D5600BA741E /* angry_birds_cake1.jpg in Resources */,
				F239CD2A1ECF3D5600BA741E /* angry_birds_cake6.jpg in Resources */,
				F239CD241ECF3D5600BA741E /* angry_birds_cake.jpg in Resources */,
			);
			runOnlyForDeploymentPostprocessing = 0;
		};
		F239CCFD1ECF3CFF00BA741E /* Resources */ = {
			isa = PBXResourcesBuildPhase;
			buildActionMask = 2147483647;
			files = (
			);
			runOnlyForDeploymentPostprocessing = 0;
		};
		F239CD081ECF3CFF00BA741E /* Resources */ = {
			isa = PBXResourcesBuildPhase;
			buildActionMask = 2147483647;
			files = (
			);
			runOnlyForDeploymentPostprocessing = 0;
		};
/* End PBXResourcesBuildPhase section */

/* Begin PBXSourcesBuildPhase section */
		F239CCE21ECF3CFF00BA741E /* Sources */ = {
			isa = PBXSourcesBuildPhase;
			buildActionMask = 2147483647;
			files = (
				F239CCF11ECF3CFF00BA741E /* ViewController.m in Sources */,
				F239CD301ECF462300BA741E /* PatternViewCell.m in Sources */,
				F239CCEE1ECF3CFF00BA741E /* AppDelegate.m in Sources */,
				F239CCEB1ECF3CFF00BA741E /* main.m in Sources */,
			);
			runOnlyForDeploymentPostprocessing = 0;
		};
		F239CCFB1ECF3CFF00BA741E /* Sources */ = {
			isa = PBXSourcesBuildPhase;
			buildActionMask = 2147483647;
			files = (
				F239CD041ECF3CFF00BA741E /* CollectionViewPatternsTests.m in Sources */,
			);
			runOnlyForDeploymentPostprocessing = 0;
		};
		F239CD061ECF3CFF00BA741E /* Sources */ = {
			isa = PBXSourcesBuildPhase;
			buildActionMask = 2147483647;
			files = (
				F239CD0F1ECF3CFF00BA741E /* CollectionViewPatternsUITests.m in Sources */,
			);
			runOnlyForDeploymentPostprocessing = 0;
		};
/* End PBXSourcesBuildPhase section */

/* Begin PBXTargetDependency section */
		F239CD011ECF3CFF00BA741E /* PBXTargetDependency */ = {
			isa = PBXTargetDependency;
			target = F239CCE51ECF3CFF00BA741E /* CollectionViewPatterns */;
			targetProxy = F239CD001ECF3CFF00BA741E /* PBXContainerItemProxy */;
		};
		F239CD0C1ECF3CFF00BA741E /* PBXTargetDependency */ = {
			isa = PBXTargetDependency;
			target = F239CCE51ECF3CFF00BA741E /* CollectionViewPatterns */;
			targetProxy = F239CD0B1ECF3CFF00BA741E /* PBXContainerItemProxy */;
		};
/* End PBXTargetDependency section */

/* Begin PBXVariantGroup section */
		F239CCF21ECF3CFF00BA741E /* Main.storyboard */ = {
			isa = PBXVariantGroup;
			children = (
				F239CCF31ECF3CFF00BA741E /* Base */,
			);
			name = Main.storyboard;
			sourceTree = "<group>";
		};
		F239CCF71ECF3CFF00BA741E /* LaunchScreen.storyboard */ = {
			isa = PBXVariantGroup;
			children = (
				F239CCF81ECF3CFF00BA741E /* Base */,
			);
			name = LaunchScreen.storyboard;
			sourceTree = "<group>";
		};
/* End PBXVariantGroup section */

/* Begin XCBuildConfiguration section */
		F239CD111ECF3CFF00BA741E /* Debug */ = {
			isa = XCBuildConfiguration;
			buildSettings = {
				ALWAYS_SEARCH_USER_PATHS = NO;
				CLANG_ANALYZER_NONNULL = YES;
				CLANG_ANALYZER_NUMBER_OBJECT_CONVERSION = YES_AGGRESSIVE;
				CLANG_CXX_LANGUAGE_STANDARD = "gnu++0x";
				CLANG_CXX_LIBRARY = "libc++";
				CLANG_ENABLE_MODULES = YES;
				CLANG_ENABLE_OBJC_ARC = YES;
				CLANG_WARN_BOOL_CONVERSION = YES;
				CLANG_WARN_CONSTANT_CONVERSION = YES;
				CLANG_WARN_DIRECT_OBJC_ISA_USAGE = YES_ERROR;
				CLANG_WARN_DOCUMENTATION_COMMENTS = YES;
				CLANG_WARN_EMPTY_BODY = YES;
				CLANG_WARN_ENUM_CONVERSION = YES;
				CLANG_WARN_INFINITE_RECURSION = YES;
				CLANG_WARN_INT_CONVERSION = YES;
				CLANG_WARN_OBJC_ROOT_CLASS = YES_ERROR;
				CLANG_WARN_SUSPICIOUS_MOVE = YES;
				CLANG_WARN_UNREACHABLE_CODE = YES;
				CLANG_WARN__DUPLICATE_METHOD_MATCH = YES;
				"CODE_SIGN_IDENTITY[sdk=iphoneos*]" = "iPhone Developer";
				COPY_PHASE_STRIP = NO;
				DEBUG_INFORMATION_FORMAT = dwarf;
				ENABLE_STRICT_OBJC_MSGSEND = YES;
				ENABLE_TESTABILITY = YES;
				GCC_C_LANGUAGE_STANDARD = gnu99;
				GCC_DYNAMIC_NO_PIC = NO;
				GCC_NO_COMMON_BLOCKS = YES;
				GCC_OPTIMIZATION_LEVEL = 0;
				GCC_PREPROCESSOR_DEFINITIONS = (
					"DEBUG=1",
					"$(inherited)",
				);
				GCC_WARN_64_TO_32_BIT_CONVERSION = YES;
				GCC_WARN_ABOUT_RETURN_TYPE = YES_ERROR;
				GCC_WARN_UNDECLARED_SELECTOR = YES;
				GCC_WARN_UNINITIALIZED_AUTOS = YES_AGGRESSIVE;
				GCC_WARN_UNUSED_FUNCTION = YES;
				GCC_WARN_UNUSED_VARIABLE = YES;
				IPHONEOS_DEPLOYMENT_TARGET = 10.3;
				MTL_ENABLE_DEBUG_INFO = YES;
				ONLY_ACTIVE_ARCH = YES;
				SDKROOT = iphoneos;
			};
			name = Debug;
		};
		F239CD121ECF3CFF00BA741E /* Release */ = {
			isa = XCBuildConfiguration;
			buildSettings = {
				ALWAYS_SEARCH_USER_PATHS = NO;
				CLANG_ANALYZER_NONNULL = YES;
				CLANG_ANALYZER_NUMBER_OBJECT_CONVERSION = YES_AGGRESSIVE;
				CLANG_CXX_LANGUAGE_STANDARD = "gnu++0x";
				CLANG_CXX_LIBRARY = "libc++";
				CLANG_ENABLE_MODULES = YES;
				CLANG_ENABLE_OBJC_ARC = YES;
				CLANG_WARN_BOOL_CONVERSION = YES;
				CLANG_WARN_CONSTANT_CONVERSION = YES;
				CLANG_WARN_DIRECT_OBJC_ISA_USAGE = YES_ERROR;
				CLANG_WARN_DOCUMENTATION_COMMENTS = YES;
				CLANG_WARN_EMPTY_BODY = YES;
				CLANG_WARN_ENUM_CONVERSION = YES;
				CLANG_WARN_INFINITE_RECURSION = YES;
				CLANG_WARN_INT_CONVERSION = YES;
				CLANG_WARN_OBJC_ROOT_CLASS = YES_ERROR;
				CLANG_WARN_SUSPICIOUS_MOVE = YES;
				CLANG_WARN_UNREACHABLE_CODE = YES;
				CLANG_WARN__DUPLICATE_METHOD_MATCH = YES;
				"CODE_SIGN_IDENTITY[sdk=iphoneos*]" = "iPhone Developer";
				COPY_PHASE_STRIP = NO;
				DEBUG_INFORMATION_FORMAT = "dwarf-with-dsym";
				ENABLE_NS_ASSERTIONS = NO;
				ENABLE_STRICT_OBJC_MSGSEND = YES;
				GCC_C_LANGUAGE_STANDARD = gnu99;
				GCC_NO_COMMON_BLOCKS = YES;
				GCC_WARN_64_TO_32_BIT_CONVERSION = YES;
				GCC_WARN_ABOUT_RETURN_TYPE = YES_ERROR;
				GCC_WARN_UNDECLARED_SELECTOR = YES;
				GCC_WARN_UNINITIALIZED_AUTOS = YES_AGGRESSIVE;
				GCC_WARN_UNUSED_FUNCTION = YES;
				GCC_WARN_UNUSED_VARIABLE = YES;
				IPHONEOS_DEPLOYMENT_TARGET = 10.3;
				MTL_ENABLE_DEBUG_INFO = NO;
				SDKROOT = iphoneos;
				VALIDATE_PRODUCT = YES;
			};
			name = Release;
		};
		F239CD141ECF3CFF00BA741E /* Debug */ = {
			isa = XCBuildConfiguration;
			buildSettings = {
				ASSETCATALOG_COMPILER_APPICON_NAME = AppIcon;
				INFOPLIST_FILE = CollectionViewPatterns/Info.plist;
				LD_RUNPATH_SEARCH_PATHS = "$(inherited) @executable_path/Frameworks";
				PRODUCT_BUNDLE_IDENTIFIER = com.Radbonus.CollectionViewPatterns;
				PRODUCT_NAME = "$(TARGET_NAME)";
			};
			name = Debug;
		};
		F239CD151ECF3CFF00BA741E /* Release */ = {
			isa = XCBuildConfiguration;
			buildSettings = {
				ASSETCATALOG_COMPILER_APPICON_NAME = AppIcon;
				INFOPLIST_FILE = CollectionViewPatterns/Info.plist;
				LD_RUNPATH_SEARCH_PATHS = "$(inherited) @executable_path/Frameworks";
				PRODUCT_BUNDLE_IDENTIFIER = com.Radbonus.CollectionViewPatterns;
				PRODUCT_NAME = "$(TARGET_NAME)";
			};
			name = Release;
		};
		F239CD171ECF3CFF00BA741E /* Debug */ = {
			isa = XCBuildConfiguration;
			buildSettings = {
				BUNDLE_LOADER = "$(TEST_HOST)";
				INFOPLIST_FILE = CollectionViewPatternsTests/Info.plist;
				LD_RUNPATH_SEARCH_PATHS = "$(inherited) @executable_path/Frameworks @loader_path/Frameworks";
				PRODUCT_BUNDLE_IDENTIFIER = com.Radbonus.CollectionViewPatternsTests;
				PRODUCT_NAME = "$(TARGET_NAME)";
				TEST_HOST = "$(BUILT_PRODUCTS_DIR)/CollectionViewPatterns.app/CollectionViewPatterns";
			};
			name = Debug;
		};
		F239CD181ECF3CFF00BA741E /* Release */ = {
			isa = XCBuildConfiguration;
			buildSettings = {
				BUNDLE_LOADER = "$(TEST_HOST)";
				INFOPLIST_FILE = CollectionViewPatternsTests/Info.plist;
				LD_RUNPATH_SEARCH_PATHS = "$(inherited) @executable_path/Frameworks @loader_path/Frameworks";
				PRODUCT_BUNDLE_IDENTIFIER = com.Radbonus.CollectionViewPatternsTests;
				PRODUCT_NAME = "$(TARGET_NAME)";
				TEST_HOST = "$(BUILT_PRODUCTS_DIR)/CollectionViewPatterns.app/CollectionViewPatterns";
			};
			name = Release;
		};
		F239CD1A1ECF3CFF00BA741E /* Debug */ = {
			isa = XCBuildConfiguration;
			buildSettings = {
				INFOPLIST_FILE = CollectionViewPatternsUITests/Info.plist;
				LD_RUNPATH_SEARCH_PATHS = "$(inherited) @executable_path/Frameworks @loader_path/Frameworks";
				PRODUCT_BUNDLE_IDENTIFIER = com.Radbonus.CollectionViewPatternsUITests;
				PRODUCT_NAME = "$(TARGET_NAME)";
				TEST_TARGET_NAME = CollectionViewPatterns;
			};
			name = Debug;
		};
		F239CD1B1ECF3CFF00BA741E /* Release */ = {
			isa = XCBuildConfiguration;
			buildSettings = {
				INFOPLIST_FILE = CollectionViewPatternsUITests/Info.plist;
				LD_RUNPATH_SEARCH_PATHS = "$(inherited) @executable_path/Frameworks @loader_path/Frameworks";
				PRODUCT_BUNDLE_IDENTIFIER = com.Radbonus.CollectionViewPatternsUITests;
				PRODUCT_NAME = "$(TARGET_NAME)";
				TEST_TARGET_NAME = CollectionViewPatterns;
			};
			name = Release;
		};
/* End XCBuildConfiguration section */

/* Begin XCConfigurationList section */
		F239CCE11ECF3CFF00BA741E /* Build configuration list for PBXProject "CollectionViewPatterns" */ = {
			isa = XCConfigurationList;
			buildConfigurations = (
				F239CD111ECF3CFF00BA741E /* Debug */,
				F239CD121ECF3CFF00BA741E /* Release */,
			);
			defaultConfigurationIsVisible = 0;
			defaultConfigurationName = Release;
		};
		F239CD131ECF3CFF00BA741E /* Build configuration list for PBXNativeTarget "CollectionViewPatterns" */ = {
			isa = XCConfigurationList;
			buildConfigurations = (
				F239CD141ECF3CFF00BA741E /* Debug */,
				F239CD151ECF3CFF00BA741E /* Release */,
			);
			defaultConfigurationIsVisible = 0;
		};
		F239CD161ECF3CFF00BA741E /* Build configuration list for PBXNativeTarget "CollectionViewPatternsTests" */ = {
			isa = XCConfigurationList;
			buildConfigurations = (
				F239CD171ECF3CFF00BA741E /* Debug */,
				F239CD181ECF3CFF00BA741E /* Release */,
			);
			defaultConfigurationIsVisible = 0;
		};
		F239CD191ECF3CFF00BA741E /* Build configuration list for PBXNativeTarget "CollectionViewPatternsUITests" */ = {
			isa = XCConfigurationList;
			buildConfigurations = (
				F239CD1A1ECF3CFF00BA741E /* Debug */,
				F239CD1B1ECF3CFF00BA741E /* Release */,
			);
			defaultConfigurationIsVisible = 0;
		};
/* End XCConfigurationList section */
	};
	rootObject = F239CCDE1ECF3CFF00BA741E /* Project object */;
}
